
Microsoft Visual Studio Solution File, Format Version 12.00
# Visual Studio 15
VisualStudioVersion = 15.0.27130.2036
MinimumVisualStudioVersion = 10.0.40219.1
Project("{FAE04EC0-301F-11D3-BF4B-00C04F79EFBC}") = "App1", "App1\App1.csproj", "{9E5FCAE6-38DC-4EAB-BE47-788568D44094}"
EndProject
Project("{FAE04EC0-301F-11D3-BF4B-00C04F79EFBC}") = "ClassLibrary1", "ClassLibrary1\ClassLibrary1.csproj", "{2CF38AB4-4917-4CB9-8C5A-EB4C702687D3}"
EndProject
Global
	GlobalSection(SolutionConfigurationPlatforms) = preSolution
		Debug|Any CPU = Debug|Any CPU
		Release|Any CPU = Release|Any CPU
	EndGlobalSection
	GlobalSection(ProjectConfigurationPlatforms) = postSolution
		{9E5FCAE6-38DC-4EAB-BE47-788568D44094}.Debug|Any CPU.ActiveCfg = Debug|Any CPU
		{9E5FCAE6-38DC-4EAB-BE47-788568D44094}.Debug|Any CPU.Build.0 = Debug|Any CPU
		{9E5FCAE6-38DC-4EAB-BE47-788568D44094}.Debug|Any CPU.Deploy.0 = Debug|Any CPU
		{9E5FCAE6-38DC-4EAB-BE47-788568D44094}.Release|Any CPU.ActiveCfg = Release|Any CPU
		{9E5FCAE6-38DC-4EAB-BE47-788568D44094}.Release|Any CPU.Build.0 = Release|Any CPU
		{9E5FCAE6-38DC-4EAB-BE47-788568D44094}.Release|Any CPU.Deploy.0 = Release|Any CPU
		{2CF38AB4-4917-4CB9-8C5A-EB4C702687D3}.Debug|Any CPU.ActiveCfg = Debug|Any CPU
		{2CF38AB4-4917-4CB9-8C5A-EB4C702687D3}.Debug|Any CPU.Build.0 = Debug|Any CPU
		{2CF38AB4-4917-4CB9-8C5A-EB4C702687D3}.Release|Any CPU.ActiveCfg = Release|Any CPU
		{2CF38AB4-4917-4CB9-8C5A-EB4C702687D3}.Release|Any CPU.Build.0 = Release|Any CPU
	EndGlobalSection
	GlobalSection(SolutionProperties) = preSolution
		HideSolutionNode = FALSE
	EndGlobalSection
	GlobalSection(ExtensibilityGlobals) = postSolution
		SolutionGuid = {E25AC7DD-A08E-4A65-B132-52092B67713C}
	EndGlobalSection
EndGlobal
